
Microsoft Visual Studio Solution File, Format Version 12.00
# Visual Studio 15
Project("{FAE04EC0-301F-11D3-BF4B-00C04F79EFBC}") = "Sudoku", "Sudoku\Sudoku.csproj", "{F875EAF5-9731-4205-95DF-3BF86F818BF2}"
EndProject
Project("{FAE04EC0-301F-11D3-BF4B-00C04F79EFBC}") = "GridTests", "GridTests\GridTests.csproj", "{CCB060E2-E5E6-40CA-9D5F-C406285A830F}"
EndProject
Project("{2150E333-8FDC-42A3-9474-1A3956D46DE8}") = "SolutionItems", "SolutionItems", "{C7059626-A2CC-4133-9586-1A74D53440D7}"
	ProjectSection(SolutionItems) = preProject
		.gitignore = .gitignore
		README.md = README.md
	EndProjectSection
EndProject
Global
	GlobalSection(SolutionConfigurationPlatforms) = preSolution
		Debug|Any CPU = Debug|Any CPU
		Release|Any CPU = Release|Any CPU
	EndGlobalSection
	GlobalSection(ProjectConfigurationPlatforms) = postSolution
		{F875EAF5-9731-4205-95DF-3BF86F818BF2}.Debug|Any CPU.ActiveCfg = Debug|Any CPU
		{F875EAF5-9731-4205-95DF-3BF86F818BF2}.Debug|Any CPU.Build.0 = Debug|Any CPU
		{F875EAF5-9731-4205-95DF-3BF86F818BF2}.Release|Any CPU.ActiveCfg = Release|Any CPU
		{F875EAF5-9731-4205-95DF-3BF86F818BF2}.Release|Any CPU.Build.0 = Release|Any CPU
		{CCB060E2-E5E6-40CA-9D5F-C406285A830F}.Debug|Any CPU.ActiveCfg = Debug|Any CPU
		{CCB060E2-E5E6-40CA-9D5F-C406285A830F}.Debug|Any CPU.Build.0 = Debug|Any CPU
		{CCB060E2-E5E6-40CA-9D5F-C406285A830F}.Release|Any CPU.ActiveCfg = Release|Any CPU
		{CCB060E2-E5E6-40CA-9D5F-C406285A830F}.Release|Any CPU.Build.0 = Release|Any CPU
	EndGlobalSection
EndGlobal
